
Microsoft Visual Studio Solution File, Format Version 12.00
# Visual Studio Version 17
VisualStudioVersion = 17.5.33414.496
MinimumVisualStudioVersion = 10.0.40219.1
Project("{FAE04EC0-301F-11D3-BF4B-00C04F79EFBC}") = "ProiectPWeb", "ProiectPWeb\ProiectPWeb.csproj", "{C27785CF-FC49-4065-AA00-479CB64177A5}"
EndProject
Global
	GlobalSection(SolutionConfigurationPlatforms) = preSolution
		Debug|Any CPU = Debug|Any CPU
		Release|Any CPU = Release|Any CPU
	EndGlobalSection
	GlobalSection(ProjectConfigurationPlatforms) = postSolution
		{C27785CF-FC49-4065-AA00-479CB64177A5}.Debug|Any CPU.ActiveCfg = Debug|Any CPU
		{C27785CF-FC49-4065-AA00-479CB64177A5}.Debug|Any CPU.Build.0 = Debug|Any CPU
		{C27785CF-FC49-4065-AA00-479CB64177A5}.Release|Any CPU.ActiveCfg = Release|Any CPU
		{C27785CF-FC49-4065-AA00-479CB64177A5}.Release|Any CPU.Build.0 = Release|Any CPU
	EndGlobalSection
	GlobalSection(SolutionProperties) = preSolution
		HideSolutionNode = FALSE
	EndGlobalSection
	GlobalSection(ExtensibilityGlobals) = postSolution
		SolutionGuid = {4F88920B-34A2-460B-9249-54AF59ECD071}
	EndGlobalSection
EndGlobal
